
Microsoft Visual Studio Solution File, Format Version 12.00
# Visual Studio Version 17
VisualStudioVersion = 17.1.32328.378
MinimumVisualStudioVersion = 10.0.40219.1
Project("{FAE04EC0-301F-11D3-BF4B-00C04F79EFBC}") = "k190144_Q3", "k190144_Q3\k190144_Q3.csproj", "{2C3447B2-83BC-45B3-B809-8A45DD15A9A3}"
EndProject
Global
	GlobalSection(SolutionConfigurationPlatforms) = preSolution
		Debug|Any CPU = Debug|Any CPU
		Release|Any CPU = Release|Any CPU
	EndGlobalSection
	GlobalSection(ProjectConfigurationPlatforms) = postSolution
		{2C3447B2-83BC-45B3-B809-8A45DD15A9A3}.Debug|Any CPU.ActiveCfg = Debug|Any CPU
		{2C3447B2-83BC-45B3-B809-8A45DD15A9A3}.Debug|Any CPU.Build.0 = Debug|Any CPU
		{2C3447B2-83BC-45B3-B809-8A45DD15A9A3}.Release|Any CPU.ActiveCfg = Release|Any CPU
		{2C3447B2-83BC-45B3-B809-8A45DD15A9A3}.Release|Any CPU.Build.0 = Release|Any CPU
	EndGlobalSection
	GlobalSection(SolutionProperties) = preSolution
		HideSolutionNode = FALSE
	EndGlobalSection
	GlobalSection(ExtensibilityGlobals) = postSolution
		SolutionGuid = {E328C004-2D56-4ACC-AC2D-4F0EA7D99E7D}
	EndGlobalSection
EndGlobal
